
Microsoft Visual Studio Solution File, Format Version 12.00
# Visual Studio Version 17
VisualStudioVersion = 17.14.36401.2
MinimumVisualStudioVersion = 10.0.40219.1
Project("{FAE04EC0-301F-11D3-BF4B-00C04F79EFBC}") = "ProductApi", "ProductApi.csproj", "{FF7E3348-113D-40CA-AFCF-74FD438B327B}"
EndProject
Global
	GlobalSection(SolutionConfigurationPlatforms) = preSolution
		Debug|Any CPU = Debug|Any CPU
		Release|Any CPU = Release|Any CPU
	EndGlobalSection
	GlobalSection(ProjectConfigurationPlatforms) = postSolution
		{FF7E3348-113D-40CA-AFCF-74FD438B327B}.Debug|Any CPU.ActiveCfg = Debug|Any CPU
		{FF7E3348-113D-40CA-AFCF-74FD438B327B}.Debug|Any CPU.Build.0 = Debug|Any CPU
		{FF7E3348-113D-40CA-AFCF-74FD438B327B}.Release|Any CPU.ActiveCfg = Release|Any CPU
		{FF7E3348-113D-40CA-AFCF-74FD438B327B}.Release|Any CPU.Build.0 = Release|Any CPU
	EndGlobalSection
	GlobalSection(SolutionProperties) = preSolution
		HideSolutionNode = FALSE
	EndGlobalSection
	GlobalSection(ExtensibilityGlobals) = postSolution
		SolutionGuid = {2103C0D2-70D6-4A8B-BBF6-FA51034C9727}
	EndGlobalSection
EndGlobal
